// !$*UTF8*$!
{
	archiveVersion = 1;
	classes = {
	};
	objectVersion = 46;
	objects = {

/* Begin PBXBuildFile section */
		FB8B012CB0DA4FB0B4EF93F9 /* libPods.a in Frameworks */ = {isa = PBXBuildFile; fileRef = 45911AEBD8894065AA9AEEC5 /* libPods.a */; };
		FE5E02F617CC5486004EA4EC /* icon120.png in Resources */ = {isa = PBXBuildFile; fileRef = FE5E02F517CC5486004EA4EC /* icon120.png */; };
		FE5E02F817CC54C5004EA4EC /* icon114.png in Resources */ = {isa = PBXBuildFile; fileRef = FE5E02F717CC54C5004EA4EC /* icon114.png */; };
		FE5E02FA17CC54ED004EA4EC /* icon57.png in Resources */ = {isa = PBXBuildFile; fileRef = FE5E02F917CC54ED004EA4EC /* icon57.png */; };
		FE6920C017B40E9900C7C610 /* MenuViewController.m in Sources */ = {isa = PBXBuildFile; fileRef = FE152A31179C553B0067CBEA /* MenuViewController.m */; };
		FE7639E817B9D99F0071DC0A /* Crashlytics.framework in Frameworks */ = {isa = PBXBuildFile; fileRef = FE7639E717B9D99F0071DC0A /* Crashlytics.framework */; };
		FE7639EA17B9DB5A0071DC0A /* Default-568h@2x.png in Resources */ = {isa = PBXBuildFile; fileRef = FE7639E917B9DB5A0071DC0A /* Default-568h@2x.png */; };
		FE985C5C17C04F9F000D48FB /* libTestFlight.a in Resources */ = {isa = PBXBuildFile; fileRef = FE985C5517C04F9F000D48FB /* libTestFlight.a */; };
		FE985C5D17C04F9F000D48FB /* README.md in Resources */ = {isa = PBXBuildFile; fileRef = FE985C5617C04F9F000D48FB /* README.md */; };
		FE985C5E17C04F9F000D48FB /* release_notes.md in Resources */ = {isa = PBXBuildFile; fileRef = FE985C5717C04F9F000D48FB /* release_notes.md */; };
		FE985C5F17C04F9F000D48FB /* TestFlight+AsyncLogging.h in Resources */ = {isa = PBXBuildFile; fileRef = FE985C5817C04F9F000D48FB /* TestFlight+AsyncLogging.h */; };
		FE985C6017C04F9F000D48FB /* TestFlight+ManualSessions.h in Resources */ = {isa = PBXBuildFile; fileRef = FE985C5917C04F9F000D48FB /* TestFlight+ManualSessions.h */; };
		FE985C6117C04F9F000D48FB /* TestFlight.h in Resources */ = {isa = PBXBuildFile; fileRef = FE985C5A17C04F9F000D48FB /* TestFlight.h */; };
		FE985C6217C04FAA000D48FB /* libTestFlight.a in Frameworks */ = {isa = PBXBuildFile; fileRef = FE985C5517C04F9F000D48FB /* libTestFlight.a */; };
		FEA7233417B46FDF00ADAFF1 /* AboutViewController.m in Sources */ = {isa = PBXBuildFile; fileRef = FEA7233317B46FDF00ADAFF1 /* AboutViewController.m */; };
		FEA7233717B4866D00ADAFF1 /* EndgameViewController.m in Sources */ = {isa = PBXBuildFile; fileRef = FEA7233617B4866D00ADAFF1 /* EndgameViewController.m */; };
		FEC65F931794E0BB0072E836 /* Foundation.framework in Frameworks */ = {isa = PBXBuildFile; fileRef = FEC65F921794E0BB0072E836 /* Foundation.framework */; };
		FEC65F951794E0BB0072E836 /* CoreGraphics.framework in Frameworks */ = {isa = PBXBuildFile; fileRef = FEC65F941794E0BB0072E836 /* CoreGraphics.framework */; };
		FEC65F971794E0BB0072E836 /* UIKit.framework in Frameworks */ = {isa = PBXBuildFile; fileRef = FEC65F961794E0BB0072E836 /* UIKit.framework */; };
		FEC65F9D1794E0BB0072E836 /* InfoPlist.strings in Resources */ = {isa = PBXBuildFile; fileRef = FEC65F9B1794E0BB0072E836 /* InfoPlist.strings */; };
		FEC65F9F1794E0BB0072E836 /* main.m in Sources */ = {isa = PBXBuildFile; fileRef = FEC65F9E1794E0BB0072E836 /* main.m */; };
		FEC65FA31794E0BB0072E836 /* ParlanceAppDelegate.m in Sources */ = {isa = PBXBuildFile; fileRef = FEC65FA21794E0BB0072E836 /* ParlanceAppDelegate.m */; };
		FEC65FA61794E0BB0072E836 /* Main.storyboard in Resources */ = {isa = PBXBuildFile; fileRef = FEC65FA41794E0BB0072E836 /* Main.storyboard */; };
		FEC65FA91794E0BB0072E836 /* ParlanceViewController.m in Sources */ = {isa = PBXBuildFile; fileRef = FEC65FA81794E0BB0072E836 /* ParlanceViewController.m */; };
		FEC65FAB1794E0BB0072E836 /* Images.xcassets in Resources */ = {isa = PBXBuildFile; fileRef = FEC65FAA1794E0BB0072E836 /* Images.xcassets */; };
		FEC65FB21794E0BB0072E836 /* XCTest.framework in Frameworks */ = {isa = PBXBuildFile; fileRef = FEC65FB11794E0BB0072E836 /* XCTest.framework */; };
		FEC65FB31794E0BB0072E836 /* Foundation.framework in Frameworks */ = {isa = PBXBuildFile; fileRef = FEC65F921794E0BB0072E836 /* Foundation.framework */; };
		FEC65FB41794E0BB0072E836 /* UIKit.framework in Frameworks */ = {isa = PBXBuildFile; fileRef = FEC65F961794E0BB0072E836 /* UIKit.framework */; };
		FEC65FBC1794E0BB0072E836 /* InfoPlist.strings in Resources */ = {isa = PBXBuildFile; fileRef = FEC65FBA1794E0BB0072E836 /* InfoPlist.strings */; };
		FEC65FBE1794E0BB0072E836 /* ParlanceTests.m in Sources */ = {isa = PBXBuildFile; fileRef = FEC65FBD1794E0BB0072E836 /* ParlanceTests.m */; };
		FEC80C3817B5D05E000D6764 /* Default.png in Resources */ = {isa = PBXBuildFile; fileRef = FEC80C3717B5D05E000D6764 /* Default.png */; };
		FEC80C3A17B5D172000D6764 /* libz.dylib in Frameworks */ = {isa = PBXBuildFile; fileRef = FEC80C2817B5C513000D6764 /* libz.dylib */; };
		FEEEDB9017C00D8C00B4A026 /* TestViewController.m in Sources */ = {isa = PBXBuildFile; fileRef = FEEEDB8F17C00D8C00B4A026 /* TestViewController.m */; };
		FEF0B88C1798BB3E00D29212 /* Dictionary.plist in Resources */ = {isa = PBXBuildFile; fileRef = FEF0B88B1798BB3400D29212 /* Dictionary.plist */; };
/* End PBXBuildFile section */

/* Begin PBXContainerItemProxy section */
		FEC65FB51794E0BB0072E836 /* PBXContainerItemProxy */ = {
			isa = PBXContainerItemProxy;
			containerPortal = FEC65F871794E0BB0072E836 /* Project object */;
			proxyType = 1;
			remoteGlobalIDString = FEC65F8E1794E0BB0072E836;
			remoteInfo = Words;
		};
/* End PBXContainerItemProxy section */

/* Begin PBXFileReference section */
		18ABA0F1DDBB4069BA1B97AD /* Pods.xcconfig */ = {isa = PBXFileReference; includeInIndex = 1; lastKnownFileType = text.xcconfig; name = Pods.xcconfig; path = Pods/Pods.xcconfig; sourceTree = SOURCE_ROOT; };
		45911AEBD8894065AA9AEEC5 /* libPods.a */ = {isa = PBXFileReference; explicitFileType = archive.ar; includeInIndex = 0; path = libPods.a; sourceTree = BUILT_PRODUCTS_DIR; };
		FE152A30179C553B0067CBEA /* MenuViewController.h */ = {isa = PBXFileReference; lastKnownFileType = sourcecode.c.h; path = MenuViewController.h; sourceTree = "<group>"; };
		FE152A31179C553B0067CBEA /* MenuViewController.m */ = {isa = PBXFileReference; lastKnownFileType = sourcecode.c.objc; path = MenuViewController.m; sourceTree = "<group>"; };
		FE5E02F517CC5486004EA4EC /* icon120.png */ = {isa = PBXFileReference; lastKnownFileType = image.png; path = icon120.png; sourceTree = "<group>"; };
		FE5E02F717CC54C5004EA4EC /* icon114.png */ = {isa = PBXFileReference; lastKnownFileType = image.png; path = icon114.png; sourceTree = "<group>"; };
		FE5E02F917CC54ED004EA4EC /* icon57.png */ = {isa = PBXFileReference; lastKnownFileType = image.png; path = icon57.png; sourceTree = "<group>"; };
		FE7639E717B9D99F0071DC0A /* Crashlytics.framework */ = {isa = PBXFileReference; lastKnownFileType = wrapper.framework; path = Crashlytics.framework; sourceTree = "<group>"; };
		FE7639E917B9DB5A0071DC0A /* Default-568h@2x.png */ = {isa = PBXFileReference; lastKnownFileType = image.png; path = "Default-568h@2x.png"; sourceTree = "<group>"; };
		FE985C5517C04F9F000D48FB /* libTestFlight.a */ = {isa = PBXFileReference; lastKnownFileType = archive.ar; path = libTestFlight.a; sourceTree = "<group>"; };
		FE985C5617C04F9F000D48FB /* README.md */ = {isa = PBXFileReference; lastKnownFileType = text; path = README.md; sourceTree = "<group>"; };
		FE985C5717C04F9F000D48FB /* release_notes.md */ = {isa = PBXFileReference; lastKnownFileType = text; path = release_notes.md; sourceTree = "<group>"; };
		FE985C5817C04F9F000D48FB /* TestFlight+AsyncLogging.h */ = {isa = PBXFileReference; lastKnownFileType = sourcecode.c.h; path = "TestFlight+AsyncLogging.h"; sourceTree = "<group>"; };
		FE985C5917C04F9F000D48FB /* TestFlight+ManualSessions.h */ = {isa = PBXFileReference; lastKnownFileType = sourcecode.c.h; path = "TestFlight+ManualSessions.h"; sourceTree = "<group>"; };
		FE985C5A17C04F9F000D48FB /* TestFlight.h */ = {isa = PBXFileReference; lastKnownFileType = sourcecode.c.h; path = TestFlight.h; sourceTree = "<group>"; };
		FEA7233217B46FDF00ADAFF1 /* AboutViewController.h */ = {isa = PBXFileReference; fileEncoding = 4; lastKnownFileType = sourcecode.c.h; name = AboutViewController.h; path = Words/AboutViewController.h; sourceTree = "<group>"; };
		FEA7233317B46FDF00ADAFF1 /* AboutViewController.m */ = {isa = PBXFileReference; fileEncoding = 4; lastKnownFileType = sourcecode.c.objc; name = AboutViewController.m; path = Words/AboutViewController.m; sourceTree = "<group>"; };
		FEA7233517B4866D00ADAFF1 /* EndgameViewController.h */ = {isa = PBXFileReference; fileEncoding = 4; lastKnownFileType = sourcecode.c.h; name = EndgameViewController.h; path = Words/EndgameViewController.h; sourceTree = "<group>"; };
		FEA7233617B4866D00ADAFF1 /* EndgameViewController.m */ = {isa = PBXFileReference; fileEncoding = 4; lastKnownFileType = sourcecode.c.objc; name = EndgameViewController.m; path = Words/EndgameViewController.m; sourceTree = "<group>"; };
		FEC65F8F1794E0BB0072E836 /* Parlance.app */ = {isa = PBXFileReference; explicitFileType = wrapper.application; includeInIndex = 0; path = Parlance.app; sourceTree = BUILT_PRODUCTS_DIR; };
		FEC65F921794E0BB0072E836 /* Foundation.framework */ = {isa = PBXFileReference; lastKnownFileType = wrapper.framework; name = Foundation.framework; path = System/Library/Frameworks/Foundation.framework; sourceTree = SDKROOT; };
		FEC65F941794E0BB0072E836 /* CoreGraphics.framework */ = {isa = PBXFileReference; lastKnownFileType = wrapper.framework; name = CoreGraphics.framework; path = System/Library/Frameworks/CoreGraphics.framework; sourceTree = SDKROOT; };
		FEC65F961794E0BB0072E836 /* UIKit.framework */ = {isa = PBXFileReference; lastKnownFileType = wrapper.framework; name = UIKit.framework; path = System/Library/Frameworks/UIKit.framework; sourceTree = SDKROOT; };
		FEC65F9A1794E0BB0072E836 /* Parlance-Info.plist */ = {isa = PBXFileReference; lastKnownFileType = text.plist.xml; path = "Parlance-Info.plist"; sourceTree = "<group>"; };
		FEC65F9C1794E0BB0072E836 /* en */ = {isa = PBXFileReference; lastKnownFileType = text.plist.strings; name = en; path = en.lproj/InfoPlist.strings; sourceTree = "<group>"; };
		FEC65F9E1794E0BB0072E836 /* main.m */ = {isa = PBXFileReference; lastKnownFileType = sourcecode.c.objc; path = main.m; sourceTree = "<group>"; };
		FEC65FA01794E0BB0072E836 /* Parlance-Prefix.pch */ = {isa = PBXFileReference; lastKnownFileType = sourcecode.c.h; path = "Parlance-Prefix.pch"; sourceTree = "<group>"; };
		FEC65FA11794E0BB0072E836 /* ParlanceAppDelegate.h */ = {isa = PBXFileReference; lastKnownFileType = sourcecode.c.h; name = ParlanceAppDelegate.h; path = Words/ParlanceAppDelegate.h; sourceTree = "<group>"; };
		FEC65FA21794E0BB0072E836 /* ParlanceAppDelegate.m */ = {isa = PBXFileReference; lastKnownFileType = sourcecode.c.objc; name = ParlanceAppDelegate.m; path = Words/ParlanceAppDelegate.m; sourceTree = "<group>"; };
		FEC65FA51794E0BB0072E836 /* Base */ = {isa = PBXFileReference; lastKnownFileType = file.storyboard; name = Base; path = Base.lproj/Main.storyboard; sourceTree = "<group>"; };
		FEC65FA71794E0BB0072E836 /* ParlanceViewController.h */ = {isa = PBXFileReference; lastKnownFileType = sourcecode.c.h; name = ParlanceViewController.h; path = Words/ParlanceViewController.h; sourceTree = "<group>"; };
		FEC65FA81794E0BB0072E836 /* ParlanceViewController.m */ = {isa = PBXFileReference; lastKnownFileType = sourcecode.c.objc; name = ParlanceViewController.m; path = Words/ParlanceViewController.m; sourceTree = "<group>"; };
		FEC65FAA1794E0BB0072E836 /* Images.xcassets */ = {isa = PBXFileReference; lastKnownFileType = folder.assetcatalog; name = Images.xcassets; path = Words/Images.xcassets; sourceTree = "<group>"; };
		FEC65FB01794E0BB0072E836 /* ParlanceTests.xctest */ = {isa = PBXFileReference; explicitFileType = wrapper.cfbundle; includeInIndex = 0; path = ParlanceTests.xctest; sourceTree = BUILT_PRODUCTS_DIR; };
		FEC65FB11794E0BB0072E836 /* XCTest.framework */ = {isa = PBXFileReference; lastKnownFileType = wrapper.framework; name = XCTest.framework; path = Library/Frameworks/XCTest.framework; sourceTree = DEVELOPER_DIR; };
		FEC65FB91794E0BB0072E836 /* ParlanceTests-Info.plist */ = {isa = PBXFileReference; lastKnownFileType = text.plist.xml; path = "ParlanceTests-Info.plist"; sourceTree = "<group>"; };
		FEC65FBB1794E0BB0072E836 /* en */ = {isa = PBXFileReference; lastKnownFileType = text.plist.strings; name = en; path = en.lproj/InfoPlist.strings; sourceTree = "<group>"; };
		FEC65FBD1794E0BB0072E836 /* ParlanceTests.m */ = {isa = PBXFileReference; lastKnownFileType = sourcecode.c.objc; path = ParlanceTests.m; sourceTree = "<group>"; };
		FEC80C2817B5C513000D6764 /* libz.dylib */ = {isa = PBXFileReference; lastKnownFileType = "compiled.mach-o.dylib"; name = libz.dylib; path = usr/lib/libz.dylib; sourceTree = SDKROOT; };
		FEC80C3717B5D05E000D6764 /* Default.png */ = {isa = PBXFileReference; lastKnownFileType = image.png; path = Default.png; sourceTree = "<group>"; };
		FEEEDB8E17C00D8C00B4A026 /* TestViewController.h */ = {isa = PBXFileReference; fileEncoding = 4; lastKnownFileType = sourcecode.c.h; name = TestViewController.h; path = Words/TestViewController.h; sourceTree = "<group>"; };
		FEEEDB8F17C00D8C00B4A026 /* TestViewController.m */ = {isa = PBXFileReference; fileEncoding = 4; lastKnownFileType = sourcecode.c.objc; name = TestViewController.m; path = Words/TestViewController.m; sourceTree = "<group>"; };
		FEF0B88B1798BB3400D29212 /* Dictionary.plist */ = {isa = PBXFileReference; lastKnownFileType = text.plist.xml; path = Dictionary.plist; sourceTree = "<group>"; };
/* End PBXFileReference section */

/* Begin PBXFrameworksBuildPhase section */
		FEC65F8C1794E0BB0072E836 /* Frameworks */ = {
			isa = PBXFrameworksBuildPhase;
			buildActionMask = 2147483647;
			files = (
				FEC80C3A17B5D172000D6764 /* libz.dylib in Frameworks */,
				FEC65F951794E0BB0072E836 /* CoreGraphics.framework in Frameworks */,
				FEC65F971794E0BB0072E836 /* UIKit.framework in Frameworks */,
				FEC65F931794E0BB0072E836 /* Foundation.framework in Frameworks */,
				FB8B012CB0DA4FB0B4EF93F9 /* libPods.a in Frameworks */,
				FE7639E817B9D99F0071DC0A /* Crashlytics.framework in Frameworks */,
				FE985C6217C04FAA000D48FB /* libTestFlight.a in Frameworks */,
			);
			runOnlyForDeploymentPostprocessing = 0;
		};
		FEC65FAD1794E0BB0072E836 /* Frameworks */ = {
			isa = PBXFrameworksBuildPhase;
			buildActionMask = 2147483647;
			files = (
				FEC65FB21794E0BB0072E836 /* XCTest.framework in Frameworks */,
				FEC65FB41794E0BB0072E836 /* UIKit.framework in Frameworks */,
				FEC65FB31794E0BB0072E836 /* Foundation.framework in Frameworks */,
			);
			runOnlyForDeploymentPostprocessing = 0;
		};
/* End PBXFrameworksBuildPhase section */

/* Begin PBXGroup section */
		FE16B33D17C4648B00A0D7FF /* View Controllers */ = {
			isa = PBXGroup;
			children = (
				FE152A30179C553B0067CBEA /* MenuViewController.h */,
				FE152A31179C553B0067CBEA /* MenuViewController.m */,
				FEC65FA41794E0BB0072E836 /* Main.storyboard */,
				FEEEDB8E17C00D8C00B4A026 /* TestViewController.h */,
				FEEEDB8F17C00D8C00B4A026 /* TestViewController.m */,
				FEC65FA71794E0BB0072E836 /* ParlanceViewController.h */,
				FEC65FA81794E0BB0072E836 /* ParlanceViewController.m */,
				FEA7233217B46FDF00ADAFF1 /* AboutViewController.h */,
				FEA7233317B46FDF00ADAFF1 /* AboutViewController.m */,
				FEA7233517B4866D00ADAFF1 /* EndgameViewController.h */,
				FEA7233617B4866D00ADAFF1 /* EndgameViewController.m */,
			);
			name = "View Controllers";
			sourceTree = "<group>";
		};
		FE985C5B17C04F9F000D48FB /* TestFlightSDK2 */ = {
			isa = PBXGroup;
			children = (
				FE985C5517C04F9F000D48FB /* libTestFlight.a */,
				FE985C5617C04F9F000D48FB /* README.md */,
				FE985C5717C04F9F000D48FB /* release_notes.md */,
				FE985C5817C04F9F000D48FB /* TestFlight+AsyncLogging.h */,
				FE985C5917C04F9F000D48FB /* TestFlight+ManualSessions.h */,
				FE985C5A17C04F9F000D48FB /* TestFlight.h */,
			);
			path = TestFlightSDK2;
			sourceTree = "<group>";
		};
		FEC65F861794E0BB0072E836 = {
			isa = PBXGroup;
			children = (
				FEC65FA11794E0BB0072E836 /* ParlanceAppDelegate.h */,
				FEC65FA21794E0BB0072E836 /* ParlanceAppDelegate.m */,
				FEC65F991794E0BB0072E836 /* Supporting Files */,
				FE16B33D17C4648B00A0D7FF /* View Controllers */,
				FEF0B88817976D6100D29212 /* Resources */,
				FEC65FB71794E0BB0072E836 /* ParlanceTests */,
				FEC65F911794E0BB0072E836 /* Frameworks */,
				FEC65F901794E0BB0072E836 /* Products */,
				18ABA0F1DDBB4069BA1B97AD /* Pods.xcconfig */,
			);
			sourceTree = "<group>";
		};
		FEC65F901794E0BB0072E836 /* Products */ = {
			isa = PBXGroup;
			children = (
				FEC65F8F1794E0BB0072E836 /* Parlance.app */,
				FEC65FB01794E0BB0072E836 /* ParlanceTests.xctest */,
			);
			name = Products;
			sourceTree = "<group>";
		};
		FEC65F911794E0BB0072E836 /* Frameworks */ = {
			isa = PBXGroup;
			children = (
				FE985C5B17C04F9F000D48FB /* TestFlightSDK2 */,
				FE7639E717B9D99F0071DC0A /* Crashlytics.framework */,
				FEC80C2817B5C513000D6764 /* libz.dylib */,
				FEC65F921794E0BB0072E836 /* Foundation.framework */,
				FEC65F941794E0BB0072E836 /* CoreGraphics.framework */,
				FEC65F961794E0BB0072E836 /* UIKit.framework */,
				FEC65FB11794E0BB0072E836 /* XCTest.framework */,
				45911AEBD8894065AA9AEEC5 /* libPods.a */,
			);
			name = Frameworks;
			sourceTree = "<group>";
		};
		FEC65F991794E0BB0072E836 /* Supporting Files */ = {
			isa = PBXGroup;
			children = (
				FEC65F9A1794E0BB0072E836 /* Parlance-Info.plist */,
				FEC65F9B1794E0BB0072E836 /* InfoPlist.strings */,
				FEC65F9E1794E0BB0072E836 /* main.m */,
				FEC65FA01794E0BB0072E836 /* Parlance-Prefix.pch */,
			);
			name = "Supporting Files";
			path = Words;
			sourceTree = "<group>";
		};
		FEC65FB71794E0BB0072E836 /* ParlanceTests */ = {
			isa = PBXGroup;
			children = (
				FEC65FBD1794E0BB0072E836 /* ParlanceTests.m */,
				FEC65FB81794E0BB0072E836 /* Supporting Files */,
			);
			name = ParlanceTests;
			path = WordsTests;
			sourceTree = "<group>";
		};
		FEC65FB81794E0BB0072E836 /* Supporting Files */ = {
			isa = PBXGroup;
			children = (
				FEC65FB91794E0BB0072E836 /* ParlanceTests-Info.plist */,
				FEC65FBA1794E0BB0072E836 /* InfoPlist.strings */,
			);
			name = "Supporting Files";
			sourceTree = "<group>";
		};
		FEF0B88817976D6100D29212 /* Resources */ = {
			isa = PBXGroup;
			children = (
				FE5E02F917CC54ED004EA4EC /* icon57.png */,
				FE5E02F717CC54C5004EA4EC /* icon114.png */,
				FE5E02F517CC5486004EA4EC /* icon120.png */,
				FE7639E917B9DB5A0071DC0A /* Default-568h@2x.png */,
				FEC80C3717B5D05E000D6764 /* Default.png */,
				FEC65FAA1794E0BB0072E836 /* Images.xcassets */,
				FEF0B88B1798BB3400D29212 /* Dictionary.plist */,
			);
			name = Resources;
			sourceTree = "<group>";
		};
/* End PBXGroup section */

/* Begin PBXNativeTarget section */
		FEC65F8E1794E0BB0072E836 /* Parlance */ = {
			isa = PBXNativeTarget;
			buildConfigurationList = FEC65FC11794E0BB0072E836 /* Build configuration list for PBXNativeTarget "Parlance" */;
			buildPhases = (
				FB02FBB3F361420AAD53E5B2 /* Check Pods Manifest.lock */,
				FEC65F8B1794E0BB0072E836 /* Sources */,
				FEC65F8C1794E0BB0072E836 /* Frameworks */,
				FEC65F8D1794E0BB0072E836 /* Resources */,
				5F5B1D877E2046388B8C7915 /* Copy Pods Resources */,
				FE7639E617B9D9580071DC0A /* ShellScript */,
			);
			buildRules = (
			);
			dependencies = (
			);
			name = Parlance;
			productName = Words;
			productReference = FEC65F8F1794E0BB0072E836 /* Parlance.app */;
			productType = "com.apple.product-type.application";
		};
		FEC65FAF1794E0BB0072E836 /* ParlanceTests */ = {
			isa = PBXNativeTarget;
			buildConfigurationList = FEC65FC41794E0BB0072E836 /* Build configuration list for PBXNativeTarget "ParlanceTests" */;
			buildPhases = (
				FEC65FAC1794E0BB0072E836 /* Sources */,
				FEC65FAD1794E0BB0072E836 /* Frameworks */,
				FEC65FAE1794E0BB0072E836 /* Resources */,
			);
			buildRules = (
			);
			dependencies = (
				FEC65FB61794E0BB0072E836 /* PBXTargetDependency */,
			);
			name = ParlanceTests;
			productName = WordsTests;
			productReference = FEC65FB01794E0BB0072E836 /* ParlanceTests.xctest */;
			productType = "com.apple.product-type.bundle.unit-test";
		};
/* End PBXNativeTarget section */

/* Begin PBXProject section */
		FEC65F871794E0BB0072E836 /* Project object */ = {
			isa = PBXProject;
			attributes = {
				CLASSPREFIX = Words;
				LastUpgradeCheck = 0500;
				ORGANIZATIONNAME = "John Kenneth Fisher";
				TargetAttributes = {
					FEC65F8E1794E0BB0072E836 = {
						DevelopmentTeam = 5Y9T5WZ4J3;
						SystemCapabilities = {
							com.apple.GameCenter = {
								enabled = 0;
							};
							com.apple.InAppPurchase = {
								enabled = 0;
							};
						};
					};
					FEC65FAF1794E0BB0072E836 = {
						TestTargetID = FEC65F8E1794E0BB0072E836;
					};
				};
			};
			buildConfigurationList = FEC65F8A1794E0BB0072E836 /* Build configuration list for PBXProject "Parlance" */;
			compatibilityVersion = "Xcode 3.2";
			developmentRegion = English;
			hasScannedForEncodings = 0;
			knownRegions = (
				en,
				Base,
			);
			mainGroup = FEC65F861794E0BB0072E836;
			productRefGroup = FEC65F901794E0BB0072E836 /* Products */;
			projectDirPath = "";
			projectRoot = "";
			targets = (
				FEC65F8E1794E0BB0072E836 /* Parlance */,
				FEC65FAF1794E0BB0072E836 /* ParlanceTests */,
			);
		};
/* End PBXProject section */

/* Begin PBXResourcesBuildPhase section */
		FEC65F8D1794E0BB0072E836 /* Resources */ = {
			isa = PBXResourcesBuildPhase;
			buildActionMask = 2147483647;
			files = (
				FE5E02F617CC5486004EA4EC /* icon120.png in Resources */,
				FE985C5E17C04F9F000D48FB /* release_notes.md in Resources */,
				FEF0B88C1798BB3E00D29212 /* Dictionary.plist in Resources */,
				FE985C6017C04F9F000D48FB /* TestFlight+ManualSessions.h in Resources */,
				FE5E02FA17CC54ED004EA4EC /* icon57.png in Resources */,
				FE985C5C17C04F9F000D48FB /* libTestFlight.a in Resources */,
				FE985C6117C04F9F000D48FB /* TestFlight.h in Resources */,
				FEC80C3817B5D05E000D6764 /* Default.png in Resources */,
				FE5E02F817CC54C5004EA4EC /* icon114.png in Resources */,
				FEC65FAB1794E0BB0072E836 /* Images.xcassets in Resources */,
				FE7639EA17B9DB5A0071DC0A /* Default-568h@2x.png in Resources */,
				FEC65F9D1794E0BB0072E836 /* InfoPlist.strings in Resources */,
				FE985C5D17C04F9F000D48FB /* README.md in Resources */,
				FEC65FA61794E0BB0072E836 /* Main.storyboard in Resources */,
				FE985C5F17C04F9F000D48FB /* TestFlight+AsyncLogging.h in Resources */,
			);
			runOnlyForDeploymentPostprocessing = 0;
		};
		FEC65FAE1794E0BB0072E836 /* Resources */ = {
			isa = PBXResourcesBuildPhase;
			buildActionMask = 2147483647;
			files = (
				FEC65FBC1794E0BB0072E836 /* InfoPlist.strings in Resources */,
			);
			runOnlyForDeploymentPostprocessing = 0;
		};
/* End PBXResourcesBuildPhase section */

/* Begin PBXShellScriptBuildPhase section */
		5F5B1D877E2046388B8C7915 /* Copy Pods Resources */ = {
			isa = PBXShellScriptBuildPhase;
			buildActionMask = 2147483647;
			files = (
			);
			inputPaths = (
			);
			name = "Copy Pods Resources";
			outputPaths = (
			);
			runOnlyForDeploymentPostprocessing = 0;
			shellPath = /bin/sh;
			shellScript = "\"${SRCROOT}/Pods/Pods-resources.sh\"\n";
			showEnvVarsInLog = 0;
		};
		FB02FBB3F361420AAD53E5B2 /* Check Pods Manifest.lock */ = {
			isa = PBXShellScriptBuildPhase;
			buildActionMask = 2147483647;
			files = (
			);
			inputPaths = (
			);
			name = "Check Pods Manifest.lock";
			outputPaths = (
			);
			runOnlyForDeploymentPostprocessing = 0;
			shellPath = /bin/sh;
			shellScript = "diff \"${PODS_ROOT}/../Podfile.lock\" \"${PODS_ROOT}/Manifest.lock\" > /dev/null\nif [[ $? != 0 ]] ; then\n    cat << EOM\nerror: The sandbox is not in sync with the Podfile.lock. Run 'pod install' or update your CocoaPods installation.\nEOM\n    exit 1\nfi\n";
			showEnvVarsInLog = 0;
		};
		FE7639E617B9D9580071DC0A /* ShellScript */ = {
			isa = PBXShellScriptBuildPhase;
			buildActionMask = 2147483647;
			files = (
			);
			inputPaths = (
			);
			outputPaths = (
			);
			runOnlyForDeploymentPostprocessing = 0;
			shellPath = /bin/sh;
			shellScript = "./Crashlytics.framework/run d3dc162c597971f16683c5f487ec14a8fb3dae64";
		};
/* End PBXShellScriptBuildPhase section */

/* Begin PBXSourcesBuildPhase section */
		FEC65F8B1794E0BB0072E836 /* Sources */ = {
			isa = PBXSourcesBuildPhase;
			buildActionMask = 2147483647;
			files = (
				FEC65FA31794E0BB0072E836 /* ParlanceAppDelegate.m in Sources */,
				FEA7233417B46FDF00ADAFF1 /* AboutViewController.m in Sources */,
				FEEEDB9017C00D8C00B4A026 /* TestViewController.m in Sources */,
				FEA7233717B4866D00ADAFF1 /* EndgameViewController.m in Sources */,
				FEC65F9F1794E0BB0072E836 /* main.m in Sources */,
				FEC65FA91794E0BB0072E836 /* ParlanceViewController.m in Sources */,
				FE6920C017B40E9900C7C610 /* MenuViewController.m in Sources */,
			);
			runOnlyForDeploymentPostprocessing = 0;
		};
		FEC65FAC1794E0BB0072E836 /* Sources */ = {
			isa = PBXSourcesBuildPhase;
			buildActionMask = 2147483647;
			files = (
				FEC65FBE1794E0BB0072E836 /* ParlanceTests.m in Sources */,
			);
			runOnlyForDeploymentPostprocessing = 0;
		};
/* End PBXSourcesBuildPhase section */

/* Begin PBXTargetDependency section */
		FEC65FB61794E0BB0072E836 /* PBXTargetDependency */ = {
			isa = PBXTargetDependency;
			target = FEC65F8E1794E0BB0072E836 /* Parlance */;
			targetProxy = FEC65FB51794E0BB0072E836 /* PBXContainerItemProxy */;
		};
/* End PBXTargetDependency section */

/* Begin PBXVariantGroup section */
		FEC65F9B1794E0BB0072E836 /* InfoPlist.strings */ = {
			isa = PBXVariantGroup;
			children = (
				FEC65F9C1794E0BB0072E836 /* en */,
			);
			name = InfoPlist.strings;
			sourceTree = "<group>";
		};
		FEC65FA41794E0BB0072E836 /* Main.storyboard */ = {
			isa = PBXVariantGroup;
			children = (
				FEC65FA51794E0BB0072E836 /* Base */,
			);
			name = Main.storyboard;
			path = Words;
			sourceTree = "<group>";
		};
		FEC65FBA1794E0BB0072E836 /* InfoPlist.strings */ = {
			isa = PBXVariantGroup;
			children = (
				FEC65FBB1794E0BB0072E836 /* en */,
			);
			name = InfoPlist.strings;
			sourceTree = "<group>";
		};
/* End PBXVariantGroup section */

/* Begin XCBuildConfiguration section */
		FEC65FBF1794E0BB0072E836 /* Debug */ = {
			isa = XCBuildConfiguration;
			buildSettings = {
				ALWAYS_SEARCH_USER_PATHS = NO;
				CLANG_CXX_LANGUAGE_STANDARD = "gnu++0x";
				CLANG_CXX_LIBRARY = "libc++";
				CLANG_ENABLE_MODULES = YES;
				CLANG_ENABLE_OBJC_ARC = YES;
				CLANG_WARN_BOOL_CONVERSION = YES;
				CLANG_WARN_CONSTANT_CONVERSION = YES;
				CLANG_WARN_DIRECT_OBJC_ISA_USAGE = YES_ERROR;
				CLANG_WARN_EMPTY_BODY = YES;
				CLANG_WARN_ENUM_CONVERSION = YES;
				CLANG_WARN_INT_CONVERSION = YES;
				CLANG_WARN_OBJC_ROOT_CLASS = YES_ERROR;
				CLANG_WARN__DUPLICATE_METHOD_MATCH = YES;
				"CODE_SIGN_IDENTITY[sdk=iphoneos*]" = "iPhone Developer";
				COPY_PHASE_STRIP = NO;
				GCC_C_LANGUAGE_STANDARD = gnu99;
				GCC_DYNAMIC_NO_PIC = NO;
				GCC_OPTIMIZATION_LEVEL = 0;
				GCC_PREPROCESSOR_DEFINITIONS = (
					"DEBUG=1",
					"$(inherited)",
				);
				GCC_SYMBOLS_PRIVATE_EXTERN = NO;
				GCC_WARN_ABOUT_RETURN_TYPE = YES_ERROR;
				GCC_WARN_UNDECLARED_SELECTOR = YES;
				GCC_WARN_UNINITIALIZED_AUTOS = YES;
				GCC_WARN_UNUSED_FUNCTION = YES;
				GCC_WARN_UNUSED_VARIABLE = YES;
				IPHONEOS_DEPLOYMENT_TARGET = 6.0;
				ONLY_ACTIVE_ARCH = YES;
				SDKROOT = iphoneos;
			};
			name = Debug;
		};
		FEC65FC01794E0BB0072E836 /* Release */ = {
			isa = XCBuildConfiguration;
			buildSettings = {
				ALWAYS_SEARCH_USER_PATHS = NO;
				CLANG_CXX_LANGUAGE_STANDARD = "gnu++0x";
				CLANG_CXX_LIBRARY = "libc++";
				CLANG_ENABLE_MODULES = YES;
				CLANG_ENABLE_OBJC_ARC = YES;
				CLANG_WARN_BOOL_CONVERSION = YES;
				CLANG_WARN_CONSTANT_CONVERSION = YES;
				CLANG_WARN_DIRECT_OBJC_ISA_USAGE = YES_ERROR;
				CLANG_WARN_EMPTY_BODY = YES;
				CLANG_WARN_ENUM_CONVERSION = YES;
				CLANG_WARN_INT_CONVERSION = YES;
				CLANG_WARN_OBJC_ROOT_CLASS = YES_ERROR;
				CLANG_WARN__DUPLICATE_METHOD_MATCH = YES;
				"CODE_SIGN_IDENTITY[sdk=iphoneos*]" = "iPhone Developer";
				COPY_PHASE_STRIP = YES;
				ENABLE_NS_ASSERTIONS = NO;
				GCC_C_LANGUAGE_STANDARD = gnu99;
				GCC_WARN_ABOUT_RETURN_TYPE = YES_ERROR;
				GCC_WARN_UNDECLARED_SELECTOR = YES;
				GCC_WARN_UNINITIALIZED_AUTOS = YES;
				GCC_WARN_UNUSED_FUNCTION = YES;
				GCC_WARN_UNUSED_VARIABLE = YES;
				IPHONEOS_DEPLOYMENT_TARGET = 6.0;
				SDKROOT = iphoneos;
				VALIDATE_PRODUCT = YES;
			};
			name = Release;
		};
		FEC65FC21794E0BB0072E836 /* Debug */ = {
			isa = XCBuildConfiguration;
			baseConfigurationReference = 18ABA0F1DDBB4069BA1B97AD /* Pods.xcconfig */;
			buildSettings = {
				CODE_SIGN_IDENTITY = "iPhone Developer";
				"CODE_SIGN_IDENTITY[sdk=iphoneos*]" = "iPhone Developer";
				FRAMEWORK_SEARCH_PATHS = (
					"$(inherited)",
					"/Users/jkfisher/XCode\\ Projects/Parlance",
				);
				GCC_PRECOMPILE_PREFIX_HEADER = YES;
				GCC_PREFIX_HEADER = "Words/Parlance-Prefix.pch";
				INFOPLIST_FILE = "Words/Parlance-Info.plist";
				IPHONEOS_DEPLOYMENT_TARGET = 6.0;
				LIBRARY_SEARCH_PATHS = (
					"$(inherited)",
					"/Users/jkfisher/XCode\\ Projects/Parlance/TestFlightSDK2",
				);
				PRODUCT_NAME = Parlance;
				PROVISIONING_PROFILE = "";
				RUN_CLANG_STATIC_ANALYZER = YES;
				WRAPPER_EXTENSION = app;
			};
			name = Debug;
		};
		FEC65FC31794E0BB0072E836 /* Release */ = {
			isa = XCBuildConfiguration;
			baseConfigurationReference = 18ABA0F1DDBB4069BA1B97AD /* Pods.xcconfig */;
			buildSettings = {
				CODE_SIGN_IDENTITY = "iPhone Developer";
				"CODE_SIGN_IDENTITY[sdk=iphoneos*]" = "iPhone Developer";
				FRAMEWORK_SEARCH_PATHS = (
					"$(inherited)",
					"/Users/jkfisher/XCode\\ Projects/Parlance",
				);
				GCC_PRECOMPILE_PREFIX_HEADER = YES;
				GCC_PREFIX_HEADER = "Words/Parlance-Prefix.pch";
				INFOPLIST_FILE = "Words/Parlance-Info.plist";
				IPHONEOS_DEPLOYMENT_TARGET = 6.0;
				LIBRARY_SEARCH_PATHS = (
					"$(inherited)",
					"/Users/jkfisher/XCode\\ Projects/Parlance/TestFlightSDK2",
				);
				PRODUCT_NAME = Parlance;
				PROVISIONING_PROFILE = "";
				RUN_CLANG_STATIC_ANALYZER = YES;
				WRAPPER_EXTENSION = app;
			};
			name = Release;
		};
		FEC65FC51794E0BB0072E836 /* Debug */ = {
			isa = XCBuildConfiguration;
			buildSettings = {
				BUNDLE_LOADER = "$(BUILT_PRODUCTS_DIR)/Words.app/Words";
				FRAMEWORK_SEARCH_PATHS = (
					"$(SDKROOT)/Developer/Library/Frameworks",
					"$(inherited)",
					"$(SYSTEM_APPS_DIR)/Xcode5-DP3.app/Contents/Developer/Library/Frameworks",
				);
				GCC_PRECOMPILE_PREFIX_HEADER = YES;
				GCC_PREFIX_HEADER = "Words/Words-Prefix.pch";
				GCC_PREPROCESSOR_DEFINITIONS = (
					"DEBUG=1",
					"$(inherited)",
				);
				INFOPLIST_FILE = "WordsTests/ParlanceTests-Info.plist";
				PRODUCT_NAME = ParlanceTests;
				TEST_HOST = "$(BUNDLE_LOADER)";
				WRAPPER_EXTENSION = xctest;
			};
			name = Debug;
		};
		FEC65FC61794E0BB0072E836 /* Release */ = {
			isa = XCBuildConfiguration;
			buildSettings = {
				BUNDLE_LOADER = "$(BUILT_PRODUCTS_DIR)/Words.app/Words";
				FRAMEWORK_SEARCH_PATHS = (
					"$(SDKROOT)/Developer/Library/Frameworks",
					"$(inherited)",
					"$(SYSTEM_APPS_DIR)/Xcode5-DP3.app/Contents/Developer/Library/Frameworks",
				);
				GCC_PRECOMPILE_PREFIX_HEADER = YES;
				GCC_PREFIX_HEADER = "Words/Words-Prefix.pch";
				INFOPLIST_FILE = "WordsTests/ParlanceTests-Info.plist";
				PRODUCT_NAME = ParlanceTests;
				TEST_HOST = "$(BUNDLE_LOADER)";
				WRAPPER_EXTENSION = xctest;
			};
			name = Release;
		};
/* End XCBuildConfiguration section */

/* Begin XCConfigurationList section */
		FEC65F8A1794E0BB0072E836 /* Build configuration list for PBXProject "Parlance" */ = {
			isa = XCConfigurationList;
			buildConfigurations = (
				FEC65FBF1794E0BB0072E836 /* Debug */,
				FEC65FC01794E0BB0072E836 /* Release */,
			);
			defaultConfigurationIsVisible = 0;
			defaultConfigurationName = Release;
		};
		FEC65FC11794E0BB0072E836 /* Build configuration list for PBXNativeTarget "Parlance" */ = {
			isa = XCConfigurationList;
			buildConfigurations = (
				FEC65FC21794E0BB0072E836 /* Debug */,
				FEC65FC31794E0BB0072E836 /* Release */,
			);
			defaultConfigurationIsVisible = 0;
			defaultConfigurationName = Release;
		};
		FEC65FC41794E0BB0072E836 /* Build configuration list for PBXNativeTarget "ParlanceTests" */ = {
			isa = XCConfigurationList;
			buildConfigurations = (
				FEC65FC51794E0BB0072E836 /* Debug */,
				FEC65FC61794E0BB0072E836 /* Release */,
			);
			defaultConfigurationIsVisible = 0;
			defaultConfigurationName = Release;
		};
/* End XCConfigurationList section */
	};
	rootObject = FEC65F871794E0BB0072E836 /* Project object */;
}
