PODS:
  - cdebug (0.1.1)
  - FoundationExtension (0.39.1):
    - cdebug (~> 0.1)
    - FoundationExtension/CocoaExtension
    - FoundationExtension/FoundationExtension
    - FoundationExtension/UIKitExtension
  - FoundationExtension/FoundationExtension (0.39.1):
    - cdebug (~> 0.1)
  - FoundationExtension/UIKitExtension (0.39.1):
    - cdebug (~> 0.1)
    - FoundationExtension/FoundationExtension
  - KLSwitch (1.5)
  - UI7Kit (0.8):
    - FoundationExtension (~> 0.39)
    - KLSwitch (~> 1.5)

DEPENDENCIES:
  - UI7Kit

SPEC CHECKSUMS:
  cdebug: 8c2ca6363107205eaf777295736c0ec12ba490bd
  FoundationExtension: fdd92e10521774428b2280c715c059e7ad6710c8
  KLSwitch: 27e07101397ce250acbf6c3a65349cdf69f4bcec
  UI7Kit: c3ba696171a182dd1ec809b52a29f9899722a86a

COCOAPODS: 0.23.0
